
Microsoft Visual Studio Solution File, Format Version 12.00
# Visual Studio 14
VisualStudioVersion = 14.0.25420.1
MinimumVisualStudioVersion = 10.0.40219.1
Project("{FAE04EC0-301F-11D3-BF4B-00C04F79EFBC}") = "app", "app\app.csproj", "{650BEABD-F17C-413B-A4CC-8D18D80264D6}"
EndProject
Project("{2150E333-8FDC-42A3-9474-1A3956D46DE8}") = "assets", "assets", "{C02137AA-D7A1-454D-8B11-91F4C1DEF1DB}"
	ProjectSection(SolutionItems) = preProject
		.editorconfig = .editorconfig
		.gitignore = .gitignore
		build.bake = build.bake
		nuget.config = nuget.config
		Procfile = Procfile
		Rymfile = Rymfile
	EndProjectSection
EndProject
Project("{FAE04EC0-301F-11D3-BF4B-00C04F79EFBC}") = "test", "test\test.csproj", "{DCAF01FC-8193-461B-9652-BBC9E2A74FC1}"
EndProject
Global
	GlobalSection(SolutionConfigurationPlatforms) = preSolution
		Debug|Any CPU = Debug|Any CPU
		Release|Any CPU = Release|Any CPU
	EndGlobalSection
	GlobalSection(ProjectConfigurationPlatforms) = postSolution
		{650BEABD-F17C-413B-A4CC-8D18D80264D6}.Debug|Any CPU.ActiveCfg = Debug|Any CPU
		{650BEABD-F17C-413B-A4CC-8D18D80264D6}.Debug|Any CPU.Build.0 = Debug|Any CPU
		{650BEABD-F17C-413B-A4CC-8D18D80264D6}.Release|Any CPU.ActiveCfg = Release|Any CPU
		{650BEABD-F17C-413B-A4CC-8D18D80264D6}.Release|Any CPU.Build.0 = Release|Any CPU
		{DCAF01FC-8193-461B-9652-BBC9E2A74FC1}.Debug|Any CPU.ActiveCfg = Debug|Any CPU
		{DCAF01FC-8193-461B-9652-BBC9E2A74FC1}.Debug|Any CPU.Build.0 = Debug|Any CPU
		{DCAF01FC-8193-461B-9652-BBC9E2A74FC1}.Release|Any CPU.ActiveCfg = Release|Any CPU
		{DCAF01FC-8193-461B-9652-BBC9E2A74FC1}.Release|Any CPU.Build.0 = Release|Any CPU
	EndGlobalSection
	GlobalSection(SolutionProperties) = preSolution
		HideSolutionNode = FALSE
	EndGlobalSection
EndGlobal
